
Microsoft Visual Studio Solution File, Format Version 12.00
# Visual Studio Version 17
VisualStudioVersion = 17.0.32014.148
MinimumVisualStudioVersion = 10.0.40219.1
Project("{FAE04EC0-301F-11D3-BF4B-00C04F79EFBC}") = "StringTest001", "StringTest001\StringTest001.csproj", "{BA2A3BA5-96A8-45AC-BE88-C703987CABFF}"
EndProject
Global
	GlobalSection(SolutionConfigurationPlatforms) = preSolution
		Debug|Any CPU = Debug|Any CPU
		Release|Any CPU = Release|Any CPU
	EndGlobalSection
	GlobalSection(ProjectConfigurationPlatforms) = postSolution
		{BA2A3BA5-96A8-45AC-BE88-C703987CABFF}.Debug|Any CPU.ActiveCfg = Debug|Any CPU
		{BA2A3BA5-96A8-45AC-BE88-C703987CABFF}.Debug|Any CPU.Build.0 = Debug|Any CPU
		{BA2A3BA5-96A8-45AC-BE88-C703987CABFF}.Release|Any CPU.ActiveCfg = Release|Any CPU
		{BA2A3BA5-96A8-45AC-BE88-C703987CABFF}.Release|Any CPU.Build.0 = Release|Any CPU
	EndGlobalSection
	GlobalSection(SolutionProperties) = preSolution
		HideSolutionNode = FALSE
	EndGlobalSection
	GlobalSection(ExtensibilityGlobals) = postSolution
		SolutionGuid = {5B1D8C8F-D372-48F8-A089-7EEFD37737C7}
	EndGlobalSection
EndGlobal
